
Microsoft Visual Studio Solution File, Format Version 12.00
# Visual Studio Version 16
VisualStudioVersion = 16.0.29209.62
MinimumVisualStudioVersion = 10.0.40219.1
Project("{2150E333-8FDC-42A3-9474-1A3956D46DE8}") = "src", "src", "{52B69A30-D846-4B48-8E6C-9DCDCF375010}"
EndProject
Project("{2150E333-8FDC-42A3-9474-1A3956D46DE8}") = "test", "test", "{0F67E86A-9EE0-4CF9-AC23-C613640CD7EB}"
EndProject
Project("{FAE04EC0-301F-11D3-BF4B-00C04F79EFBC}") = "ChessResult.Site", "src\ChessResult.Site\ChessResult.Site.csproj", "{BFA76C37-5FCA-4503-857C-FA5D9B8A2180}"
EndProject
Project("{9A19103F-16F7-4668-BE54-9A1E7A4F7556}") = "ChessResult.Core", "ChessResult.Core\ChessResult.Core.csproj", "{6449E1CF-8FF5-4861-859B-357AE69A4FA9}"
EndProject
Project("{2150E333-8FDC-42A3-9474-1A3956D46DE8}") = "scss", "scss", "{8F7EDF42-44E8-42E0-A966-0D75EBF23349}"
EndProject
Global
	GlobalSection(SolutionConfigurationPlatforms) = preSolution
		Debug|Any CPU = Debug|Any CPU
		Release|Any CPU = Release|Any CPU
	EndGlobalSection
	GlobalSection(ProjectConfigurationPlatforms) = postSolution
		{BFA76C37-5FCA-4503-857C-FA5D9B8A2180}.Debug|Any CPU.ActiveCfg = Debug|Any CPU
		{BFA76C37-5FCA-4503-857C-FA5D9B8A2180}.Debug|Any CPU.Build.0 = Debug|Any CPU
		{BFA76C37-5FCA-4503-857C-FA5D9B8A2180}.Release|Any CPU.ActiveCfg = Release|Any CPU
		{BFA76C37-5FCA-4503-857C-FA5D9B8A2180}.Release|Any CPU.Build.0 = Release|Any CPU
		{6449E1CF-8FF5-4861-859B-357AE69A4FA9}.Debug|Any CPU.ActiveCfg = Debug|Any CPU
		{6449E1CF-8FF5-4861-859B-357AE69A4FA9}.Debug|Any CPU.Build.0 = Debug|Any CPU
		{6449E1CF-8FF5-4861-859B-357AE69A4FA9}.Release|Any CPU.ActiveCfg = Release|Any CPU
		{6449E1CF-8FF5-4861-859B-357AE69A4FA9}.Release|Any CPU.Build.0 = Release|Any CPU
	EndGlobalSection
	GlobalSection(SolutionProperties) = preSolution
		HideSolutionNode = FALSE
	EndGlobalSection
	GlobalSection(NestedProjects) = preSolution
		{BFA76C37-5FCA-4503-857C-FA5D9B8A2180} = {52B69A30-D846-4B48-8E6C-9DCDCF375010}
		{6449E1CF-8FF5-4861-859B-357AE69A4FA9} = {52B69A30-D846-4B48-8E6C-9DCDCF375010}
	EndGlobalSection
	GlobalSection(ExtensibilityGlobals) = postSolution
		SolutionGuid = {035691C8-ACB0-4E0C-8FEC-C42FA3160919}
	EndGlobalSection
EndGlobal
